
Microsoft Visual Studio Solution File, Format Version 12.00
# Visual Studio Version 17
VisualStudioVersion = 17.10.35122.118
MinimumVisualStudioVersion = 10.0.40219.1
Project("{FAE04EC0-301F-11D3-BF4B-00C04F79EFBC}") = "Lanchonete", "Lanchonete.csproj", "{F37499A9-62C7-423C-B689-401E7F36A493}"
EndProject
Global
	GlobalSection(SolutionConfigurationPlatforms) = preSolution
		Debug|Any CPU = Debug|Any CPU
		Release|Any CPU = Release|Any CPU
	EndGlobalSection
	GlobalSection(ProjectConfigurationPlatforms) = postSolution
		{F37499A9-62C7-423C-B689-401E7F36A493}.Debug|Any CPU.ActiveCfg = Debug|Any CPU
		{F37499A9-62C7-423C-B689-401E7F36A493}.Debug|Any CPU.Build.0 = Debug|Any CPU
		{F37499A9-62C7-423C-B689-401E7F36A493}.Release|Any CPU.ActiveCfg = Release|Any CPU
		{F37499A9-62C7-423C-B689-401E7F36A493}.Release|Any CPU.Build.0 = Release|Any CPU
	EndGlobalSection
	GlobalSection(SolutionProperties) = preSolution
		HideSolutionNode = FALSE
	EndGlobalSection
	GlobalSection(ExtensibilityGlobals) = postSolution
		SolutionGuid = {4EDABAC0-78C6-4D59-B4DA-06196D9CB18E}
	EndGlobalSection
EndGlobal
